{
  "name": "pigpio-dht",
  "version": "1.1.2",
  "lockfileVersion": 1,
  "requires": true,
  "dependencies": {
    "bindings": {
      "version": "1.3.0",
      "resolved": "https://registry.npmjs.org/bindings/-/bindings-1.3.0.tgz",
      "integrity": "sha512-DpLh5EzMR2kzvX1KIlVC0VkC3iZtHKTgdtZ0a3pglBZdaQFjt5S9g9xd1lE+YvXyfd6mtCeRnrUfOLYiTMlNSw=="
    },
    "pigpio": {
      "version": "1.2.0",
      "resolved": "https://registry.npmjs.org/pigpio/-/pigpio-1.2.0.tgz",
      "integrity": "sha512-DGopuMdjmRguqydLZ3A16PYOiJWtl705aGF3a48Tnc6woLyts4Zj01FklJYgTqFMCZy4ZBHg49xe+W5yG5+jOw==",
      "requires": {
        "bindings": "^1.3.0",
        "nan": "^2.11.1"
      },
      "dependencies": {
        "nan": {
          "version": "2.11.1",
          "resolved": "https://registry.npmjs.org/nan/-/nan-2.11.1.tgz",
          "integrity": "sha512-iji6k87OSXa0CcrLl9z+ZiYSuR2o+c0bGuNmXdrhTQTakxytAFsC56SArGYoiHlJlFoHSnvmhpceZJaXkVuOtA=="
        }
      }
    }
  }
}
